{
  "originHash" : "a4bf73d19316b92133bcb8a6f6aded3721641b25e044493318da62bb1443b560",
  "pins" : [
    {
      "identity" : "methods",
      "kind" : "remoteSourceControl",
      "location" : "https://github.com/leviouwendijk/Methods.git",
      "state" : {
        "branch" : "master",
        "revision" : "62656c2e32b7889df68415464b67b440f7e7e464"
      }
    },
    {
      "identity" : "parsers",
      "kind" : "remoteSourceControl",
      "location" : "https://github.com/leviouwendijk/Parsers.git",
      "state" : {
        "branch" : "master",
        "revision" : "40a5a71a88edf22accaf8141787f730ec44c7442"
      }
    },
    {
      "identity" : "parsing",
      "kind" : "remoteSourceControl",
      "location" : "https://github.com/leviouwendijk/Parsing.git",
      "state" : {
        "branch" : "master",
        "revision" : "38e346697615fbb32fdac86e6528c18104d89334"
      }
    },
    {
      "identity" : "position",
      "kind" : "remoteSourceControl",
      "location" : "https://github.com/leviouwendijk/Position.git",
      "state" : {
        "branch" : "master",
        "revision" : "c80214283130c1bd4fc1c54dd5f3c574e3e4986c"
      }
    },
    {
      "identity" : "primitives",
      "kind" : "remoteSourceControl",
      "location" : "https://github.com/leviouwendijk/Primitives.git",
      "state" : {
        "branch" : "master",
        "revision" : "1682a0cf9c3e921cf08b0fb22beea88013763a32"
      }
    }
  ],
  "version" : 3
}
